
Microsoft Visual Studio Solution File, Format Version 12.00
# Visual Studio Version 17
VisualStudioVersion = 17.9.34728.123
MinimumVisualStudioVersion = 10.0.40219.1
Project("{8BC9CEB8-8B4A-11D0-8D11-00A0C91BC942}") = "TotalOfOddNumber", "TotalOfOddNumber\TotalOfOddNumber.vcxproj", "{DDFC0273-2670-43A1-B7FD-6FC73134EB7F}"
EndProject
Global
	GlobalSection(SolutionConfigurationPlatforms) = preSolution
		Debug|x64 = Debug|x64
		Debug|x86 = Debug|x86
		Release|x64 = Release|x64
		Release|x86 = Release|x86
	EndGlobalSection
	GlobalSection(ProjectConfigurationPlatforms) = postSolution
		{DDFC0273-2670-43A1-B7FD-6FC73134EB7F}.Debug|x64.ActiveCfg = Debug|x64
		{DDFC0273-2670-43A1-B7FD-6FC73134EB7F}.Debug|x64.Build.0 = Debug|x64
		{DDFC0273-2670-43A1-B7FD-6FC73134EB7F}.Debug|x86.ActiveCfg = Debug|Win32
		{DDFC0273-2670-43A1-B7FD-6FC73134EB7F}.Debug|x86.Build.0 = Debug|Win32
		{DDFC0273-2670-43A1-B7FD-6FC73134EB7F}.Release|x64.ActiveCfg = Release|x64
		{DDFC0273-2670-43A1-B7FD-6FC73134EB7F}.Release|x64.Build.0 = Release|x64
		{DDFC0273-2670-43A1-B7FD-6FC73134EB7F}.Release|x86.ActiveCfg = Release|Win32
		{DDFC0273-2670-43A1-B7FD-6FC73134EB7F}.Release|x86.Build.0 = Release|Win32
	EndGlobalSection
	GlobalSection(SolutionProperties) = preSolution
		HideSolutionNode = FALSE
	EndGlobalSection
	GlobalSection(ExtensibilityGlobals) = postSolution
		SolutionGuid = {CE473A99-976B-4DF8-96C6-43E28D005EDE}
	EndGlobalSection
EndGlobal
